
Microsoft Visual Studio Solution File, Format Version 12.00
# Visual Studio Version 17
VisualStudioVersion = 17.14.36212.18 d17.14
MinimumVisualStudioVersion = 10.0.40219.1
Project("{FAE04EC0-301F-11D3-BF4B-00C04F79EFBC}") = "eVote360Pro.Domain", "eVote360Pro.Domain\eVote360Pro.Domain.csproj", "{CCCE7DE4-2523-4907-90C3-730EC3CFFC03}"
EndProject
Project("{FAE04EC0-301F-11D3-BF4B-00C04F79EFBC}") = "eVote360Pro.Web", "eVote360Pro.Web\eVote360Pro.Web.csproj", "{0826DCA5-F823-4E66-A2B7-39C1C6A1857B}"
EndProject
Project("{FAE04EC0-301F-11D3-BF4B-00C04F79EFBC}") = "eVote360Pro.Shared", "eVote360Pro.Shared\eVote360Pro.Shared.csproj", "{63861E80-FE70-442D-989E-AC2C16AD84E9}"
EndProject
Project("{FAE04EC0-301F-11D3-BF4B-00C04F79EFBC}") = "eVote360Pro.Infrastructure", "eVote360Pro.Infrastructure\eVote360Pro.Infrastructure.csproj", "{1769A534-79BF-4BE3-9CC0-7BAE918A1E85}"
EndProject
Project("{FAE04EC0-301F-11D3-BF4B-00C04F79EFBC}") = "eVote360Pro.Application", "eVote360Pro.Application\eVote360Pro.Application.csproj", "{878D652A-F883-4C56-A01D-250AA6EE5729}"
EndProject
Global
	GlobalSection(SolutionConfigurationPlatforms) = preSolution
		Debug|Any CPU = Debug|Any CPU
		Release|Any CPU = Release|Any CPU
	EndGlobalSection
	GlobalSection(ProjectConfigurationPlatforms) = postSolution
		{CCCE7DE4-2523-4907-90C3-730EC3CFFC03}.Debug|Any CPU.ActiveCfg = Debug|Any CPU
		{CCCE7DE4-2523-4907-90C3-730EC3CFFC03}.Debug|Any CPU.Build.0 = Debug|Any CPU
		{CCCE7DE4-2523-4907-90C3-730EC3CFFC03}.Release|Any CPU.ActiveCfg = Release|Any CPU
		{CCCE7DE4-2523-4907-90C3-730EC3CFFC03}.Release|Any CPU.Build.0 = Release|Any CPU
		{0826DCA5-F823-4E66-A2B7-39C1C6A1857B}.Debug|Any CPU.ActiveCfg = Debug|Any CPU
		{0826DCA5-F823-4E66-A2B7-39C1C6A1857B}.Debug|Any CPU.Build.0 = Debug|Any CPU
		{0826DCA5-F823-4E66-A2B7-39C1C6A1857B}.Release|Any CPU.ActiveCfg = Release|Any CPU
		{0826DCA5-F823-4E66-A2B7-39C1C6A1857B}.Release|Any CPU.Build.0 = Release|Any CPU
		{63861E80-FE70-442D-989E-AC2C16AD84E9}.Debug|Any CPU.ActiveCfg = Debug|Any CPU
		{63861E80-FE70-442D-989E-AC2C16AD84E9}.Debug|Any CPU.Build.0 = Debug|Any CPU
		{63861E80-FE70-442D-989E-AC2C16AD84E9}.Release|Any CPU.ActiveCfg = Release|Any CPU
		{63861E80-FE70-442D-989E-AC2C16AD84E9}.Release|Any CPU.Build.0 = Release|Any CPU
		{1769A534-79BF-4BE3-9CC0-7BAE918A1E85}.Debug|Any CPU.ActiveCfg = Debug|Any CPU
		{1769A534-79BF-4BE3-9CC0-7BAE918A1E85}.Debug|Any CPU.Build.0 = Debug|Any CPU
		{1769A534-79BF-4BE3-9CC0-7BAE918A1E85}.Release|Any CPU.ActiveCfg = Release|Any CPU
		{1769A534-79BF-4BE3-9CC0-7BAE918A1E85}.Release|Any CPU.Build.0 = Release|Any CPU
		{878D652A-F883-4C56-A01D-250AA6EE5729}.Debug|Any CPU.ActiveCfg = Debug|Any CPU
		{878D652A-F883-4C56-A01D-250AA6EE5729}.Debug|Any CPU.Build.0 = Debug|Any CPU
		{878D652A-F883-4C56-A01D-250AA6EE5729}.Release|Any CPU.ActiveCfg = Release|Any CPU
		{878D652A-F883-4C56-A01D-250AA6EE5729}.Release|Any CPU.Build.0 = Release|Any CPU
	EndGlobalSection
	GlobalSection(SolutionProperties) = preSolution
		HideSolutionNode = FALSE
	EndGlobalSection
	GlobalSection(ExtensibilityGlobals) = postSolution
		SolutionGuid = {BF9C91EF-FC64-4982-8D24-E4998FBE6B42}
	EndGlobalSection
EndGlobal
